
Microsoft Visual Studio Solution File, Format Version 12.00
# Visual Studio 14
VisualStudioVersion = 14.0.25420.1
MinimumVisualStudioVersion = 10.0.40219.1
Project("{FAE04EC0-301F-11D3-BF4B-00C04F79EFBC}") = "Cobalt", "Cobalt\Cobalt.csproj", "{93963650-2CED-46AC-9296-F31F3D497AD5}"
EndProject
Project("{FAE04EC0-301F-11D3-BF4B-00C04F79EFBC}") = "Cobalt.Core.PopulationFile.Dll", "Cobalt.PopulationFile.Dll\Cobalt.Core.PopulationFile.Dll.csproj", "{293A2D00-73BE-4E78-896D-A99620BF02EE}"
EndProject
Project("{FAE04EC0-301F-11D3-BF4B-00C04F79EFBC}") = "Cobalt.Core.Translation.Dll", "Cobalt.Translation.Dll\Cobalt.Core.Translation.Dll.csproj", "{B77DAF19-498A-4C14-AF6D-978736C30170}"
EndProject
Project("{FAE04EC0-301F-11D3-BF4B-00C04F79EFBC}") = "Cobalt.TF2Items.Dll", "Cobalt.ItemSchema.Dll\Cobalt.TF2Items.Dll.csproj", "{E762D8F4-DAC2-45FB-8877-0C1D6698A176}"
EndProject
Project("{FAE04EC0-301F-11D3-BF4B-00C04F79EFBC}") = "Cobalt.TF2Info.Dll", "Cobalt.TF2Info\Cobalt.TF2Info.Dll.csproj", "{BB0EEF20-A25E-499A-B360-0C80E0F651A4}"
EndProject
Project("{FAE04EC0-301F-11D3-BF4B-00C04F79EFBC}") = "Cobalt.VTF", "Cobalt.VTF\Cobalt.VTF.csproj", "{F1FD06B9-DF2F-4336-83F4-6A1C6372AADF}"
EndProject
Global
	GlobalSection(SolutionConfigurationPlatforms) = preSolution
		Debug|Any CPU = Debug|Any CPU
		Debug|ARM = Debug|ARM
		Debug|x64 = Debug|x64
		Debug|x86 = Debug|x86
		Release|Any CPU = Release|Any CPU
		Release|ARM = Release|ARM
		Release|x64 = Release|x64
		Release|x86 = Release|x86
	EndGlobalSection
	GlobalSection(ProjectConfigurationPlatforms) = postSolution
		{93963650-2CED-46AC-9296-F31F3D497AD5}.Debug|Any CPU.ActiveCfg = Debug|Any CPU
		{93963650-2CED-46AC-9296-F31F3D497AD5}.Debug|Any CPU.Build.0 = Debug|Any CPU
		{93963650-2CED-46AC-9296-F31F3D497AD5}.Debug|ARM.ActiveCfg = Debug|Any CPU
		{93963650-2CED-46AC-9296-F31F3D497AD5}.Debug|ARM.Build.0 = Debug|Any CPU
		{93963650-2CED-46AC-9296-F31F3D497AD5}.Debug|x64.ActiveCfg = Debug|Any CPU
		{93963650-2CED-46AC-9296-F31F3D497AD5}.Debug|x64.Build.0 = Debug|Any CPU
		{93963650-2CED-46AC-9296-F31F3D497AD5}.Debug|x86.ActiveCfg = Debug|Any CPU
		{93963650-2CED-46AC-9296-F31F3D497AD5}.Debug|x86.Build.0 = Debug|Any CPU
		{93963650-2CED-46AC-9296-F31F3D497AD5}.Release|Any CPU.ActiveCfg = Release|Any CPU
		{93963650-2CED-46AC-9296-F31F3D497AD5}.Release|Any CPU.Build.0 = Release|Any CPU
		{93963650-2CED-46AC-9296-F31F3D497AD5}.Release|ARM.ActiveCfg = Release|Any CPU
		{93963650-2CED-46AC-9296-F31F3D497AD5}.Release|ARM.Build.0 = Release|Any CPU
		{93963650-2CED-46AC-9296-F31F3D497AD5}.Release|x64.ActiveCfg = Release|Any CPU
		{93963650-2CED-46AC-9296-F31F3D497AD5}.Release|x64.Build.0 = Release|Any CPU
		{93963650-2CED-46AC-9296-F31F3D497AD5}.Release|x86.ActiveCfg = Release|Any CPU
		{93963650-2CED-46AC-9296-F31F3D497AD5}.Release|x86.Build.0 = Release|Any CPU
		{293A2D00-73BE-4E78-896D-A99620BF02EE}.Debug|Any CPU.ActiveCfg = Debug|Any CPU
		{293A2D00-73BE-4E78-896D-A99620BF02EE}.Debug|Any CPU.Build.0 = Debug|Any CPU
		{293A2D00-73BE-4E78-896D-A99620BF02EE}.Debug|ARM.ActiveCfg = Debug|Any CPU
		{293A2D00-73BE-4E78-896D-A99620BF02EE}.Debug|ARM.Build.0 = Debug|Any CPU
		{293A2D00-73BE-4E78-896D-A99620BF02EE}.Debug|x64.ActiveCfg = Debug|Any CPU
		{293A2D00-73BE-4E78-896D-A99620BF02EE}.Debug|x64.Build.0 = Debug|Any CPU
		{293A2D00-73BE-4E78-896D-A99620BF02EE}.Debug|x86.ActiveCfg = Debug|Any CPU
		{293A2D00-73BE-4E78-896D-A99620BF02EE}.Debug|x86.Build.0 = Debug|Any CPU
		{293A2D00-73BE-4E78-896D-A99620BF02EE}.Release|Any CPU.ActiveCfg = Release|Any CPU
		{293A2D00-73BE-4E78-896D-A99620BF02EE}.Release|Any CPU.Build.0 = Release|Any CPU
		{293A2D00-73BE-4E78-896D-A99620BF02EE}.Release|ARM.ActiveCfg = Release|Any CPU
		{293A2D00-73BE-4E78-896D-A99620BF02EE}.Release|ARM.Build.0 = Release|Any CPU
		{293A2D00-73BE-4E78-896D-A99620BF02EE}.Release|x64.ActiveCfg = Release|Any CPU
		{293A2D00-73BE-4E78-896D-A99620BF02EE}.Release|x64.Build.0 = Release|Any CPU
		{293A2D00-73BE-4E78-896D-A99620BF02EE}.Release|x86.ActiveCfg = Release|Any CPU
		{293A2D00-73BE-4E78-896D-A99620BF02EE}.Release|x86.Build.0 = Release|Any CPU
		{B77DAF19-498A-4C14-AF6D-978736C30170}.Debug|Any CPU.ActiveCfg = Debug|Any CPU
		{B77DAF19-498A-4C14-AF6D-978736C30170}.Debug|Any CPU.Build.0 = Debug|Any CPU
		{B77DAF19-498A-4C14-AF6D-978736C30170}.Debug|ARM.ActiveCfg = Debug|Any CPU
		{B77DAF19-498A-4C14-AF6D-978736C30170}.Debug|ARM.Build.0 = Debug|Any CPU
		{B77DAF19-498A-4C14-AF6D-978736C30170}.Debug|x64.ActiveCfg = Debug|Any CPU
		{B77DAF19-498A-4C14-AF6D-978736C30170}.Debug|x64.Build.0 = Debug|Any CPU
		{B77DAF19-498A-4C14-AF6D-978736C30170}.Debug|x86.ActiveCfg = Debug|Any CPU
		{B77DAF19-498A-4C14-AF6D-978736C30170}.Debug|x86.Build.0 = Debug|Any CPU
		{B77DAF19-498A-4C14-AF6D-978736C30170}.Release|Any CPU.ActiveCfg = Release|Any CPU
		{B77DAF19-498A-4C14-AF6D-978736C30170}.Release|Any CPU.Build.0 = Release|Any CPU
		{B77DAF19-498A-4C14-AF6D-978736C30170}.Release|ARM.ActiveCfg = Release|Any CPU
		{B77DAF19-498A-4C14-AF6D-978736C30170}.Release|ARM.Build.0 = Release|Any CPU
		{B77DAF19-498A-4C14-AF6D-978736C30170}.Release|x64.ActiveCfg = Release|Any CPU
		{B77DAF19-498A-4C14-AF6D-978736C30170}.Release|x64.Build.0 = Release|Any CPU
		{B77DAF19-498A-4C14-AF6D-978736C30170}.Release|x86.ActiveCfg = Release|Any CPU
		{B77DAF19-498A-4C14-AF6D-978736C30170}.Release|x86.Build.0 = Release|Any CPU
		{E762D8F4-DAC2-45FB-8877-0C1D6698A176}.Debug|Any CPU.ActiveCfg = Debug|Any CPU
		{E762D8F4-DAC2-45FB-8877-0C1D6698A176}.Debug|Any CPU.Build.0 = Debug|Any CPU
		{E762D8F4-DAC2-45FB-8877-0C1D6698A176}.Debug|ARM.ActiveCfg = Debug|Any CPU
		{E762D8F4-DAC2-45FB-8877-0C1D6698A176}.Debug|ARM.Build.0 = Debug|Any CPU
		{E762D8F4-DAC2-45FB-8877-0C1D6698A176}.Debug|x64.ActiveCfg = Debug|Any CPU
		{E762D8F4-DAC2-45FB-8877-0C1D6698A176}.Debug|x64.Build.0 = Debug|Any CPU
		{E762D8F4-DAC2-45FB-8877-0C1D6698A176}.Debug|x86.ActiveCfg = Debug|Any CPU
		{E762D8F4-DAC2-45FB-8877-0C1D6698A176}.Debug|x86.Build.0 = Debug|Any CPU
		{E762D8F4-DAC2-45FB-8877-0C1D6698A176}.Release|Any CPU.ActiveCfg = Release|Any CPU
		{E762D8F4-DAC2-45FB-8877-0C1D6698A176}.Release|Any CPU.Build.0 = Release|Any CPU
		{E762D8F4-DAC2-45FB-8877-0C1D6698A176}.Release|ARM.ActiveCfg = Release|Any CPU
		{E762D8F4-DAC2-45FB-8877-0C1D6698A176}.Release|ARM.Build.0 = Release|Any CPU
		{E762D8F4-DAC2-45FB-8877-0C1D6698A176}.Release|x64.ActiveCfg = Release|Any CPU
		{E762D8F4-DAC2-45FB-8877-0C1D6698A176}.Release|x64.Build.0 = Release|Any CPU
		{E762D8F4-DAC2-45FB-8877-0C1D6698A176}.Release|x86.ActiveCfg = Release|Any CPU
		{E762D8F4-DAC2-45FB-8877-0C1D6698A176}.Release|x86.Build.0 = Release|Any CPU
		{BB0EEF20-A25E-499A-B360-0C80E0F651A4}.Debug|Any CPU.ActiveCfg = Debug|Any CPU
		{BB0EEF20-A25E-499A-B360-0C80E0F651A4}.Debug|Any CPU.Build.0 = Debug|Any CPU
		{BB0EEF20-A25E-499A-B360-0C80E0F651A4}.Debug|ARM.ActiveCfg = Debug|Any CPU
		{BB0EEF20-A25E-499A-B360-0C80E0F651A4}.Debug|ARM.Build.0 = Debug|Any CPU
		{BB0EEF20-A25E-499A-B360-0C80E0F651A4}.Debug|x64.ActiveCfg = Debug|Any CPU
		{BB0EEF20-A25E-499A-B360-0C80E0F651A4}.Debug|x64.Build.0 = Debug|Any CPU
		{BB0EEF20-A25E-499A-B360-0C80E0F651A4}.Debug|x86.ActiveCfg = Debug|Any CPU
		{BB0EEF20-A25E-499A-B360-0C80E0F651A4}.Debug|x86.Build.0 = Debug|Any CPU
		{BB0EEF20-A25E-499A-B360-0C80E0F651A4}.Release|Any CPU.ActiveCfg = Release|Any CPU
		{BB0EEF20-A25E-499A-B360-0C80E0F651A4}.Release|Any CPU.Build.0 = Release|Any CPU
		{BB0EEF20-A25E-499A-B360-0C80E0F651A4}.Release|ARM.ActiveCfg = Release|Any CPU
		{BB0EEF20-A25E-499A-B360-0C80E0F651A4}.Release|ARM.Build.0 = Release|Any CPU
		{BB0EEF20-A25E-499A-B360-0C80E0F651A4}.Release|x64.ActiveCfg = Release|Any CPU
		{BB0EEF20-A25E-499A-B360-0C80E0F651A4}.Release|x64.Build.0 = Release|Any CPU
		{BB0EEF20-A25E-499A-B360-0C80E0F651A4}.Release|x86.ActiveCfg = Release|Any CPU
		{BB0EEF20-A25E-499A-B360-0C80E0F651A4}.Release|x86.Build.0 = Release|Any CPU
		{F1FD06B9-DF2F-4336-83F4-6A1C6372AADF}.Debug|Any CPU.ActiveCfg = Debug|Any CPU
		{F1FD06B9-DF2F-4336-83F4-6A1C6372AADF}.Debug|Any CPU.Build.0 = Debug|Any CPU
		{F1FD06B9-DF2F-4336-83F4-6A1C6372AADF}.Debug|ARM.ActiveCfg = Debug|Any CPU
		{F1FD06B9-DF2F-4336-83F4-6A1C6372AADF}.Debug|ARM.Build.0 = Debug|Any CPU
		{F1FD06B9-DF2F-4336-83F4-6A1C6372AADF}.Debug|x64.ActiveCfg = Debug|Any CPU
		{F1FD06B9-DF2F-4336-83F4-6A1C6372AADF}.Debug|x64.Build.0 = Debug|Any CPU
		{F1FD06B9-DF2F-4336-83F4-6A1C6372AADF}.Debug|x86.ActiveCfg = Debug|Any CPU
		{F1FD06B9-DF2F-4336-83F4-6A1C6372AADF}.Debug|x86.Build.0 = Debug|Any CPU
		{F1FD06B9-DF2F-4336-83F4-6A1C6372AADF}.Release|Any CPU.ActiveCfg = Release|Any CPU
		{F1FD06B9-DF2F-4336-83F4-6A1C6372AADF}.Release|Any CPU.Build.0 = Release|Any CPU
		{F1FD06B9-DF2F-4336-83F4-6A1C6372AADF}.Release|ARM.ActiveCfg = Release|Any CPU
		{F1FD06B9-DF2F-4336-83F4-6A1C6372AADF}.Release|ARM.Build.0 = Release|Any CPU
		{F1FD06B9-DF2F-4336-83F4-6A1C6372AADF}.Release|x64.ActiveCfg = Release|Any CPU
		{F1FD06B9-DF2F-4336-83F4-6A1C6372AADF}.Release|x64.Build.0 = Release|Any CPU
		{F1FD06B9-DF2F-4336-83F4-6A1C6372AADF}.Release|x86.ActiveCfg = Release|Any CPU
		{F1FD06B9-DF2F-4336-83F4-6A1C6372AADF}.Release|x86.Build.0 = Release|Any CPU
	EndGlobalSection
	GlobalSection(SolutionProperties) = preSolution
		HideSolutionNode = FALSE
	EndGlobalSection
EndGlobal
