
Microsoft Visual Studio Solution File, Format Version 12.00
# Visual Studio 14
VisualStudioVersion = 14.0.25420.1
MinimumVisualStudioVersion = 10.0.40219.1
Project("{FAE04EC0-301F-11D3-BF4B-00C04F79EFBC}") = "Cobalt", "Cobalt\Cobalt.csproj", "{93963650-2CED-46AC-9296-F31F3D497AD5}"
	ProjectSection(ProjectDependencies) = postProject
		{293A2D00-73BE-4E78-896D-A99620BF02EE} = {293A2D00-73BE-4E78-896D-A99620BF02EE}
		{B77DAF19-498A-4C14-AF6D-978736C30170} = {B77DAF19-498A-4C14-AF6D-978736C30170}
		{BB0EEF20-A25E-499A-B360-0C80E0F651A4} = {BB0EEF20-A25E-499A-B360-0C80E0F651A4}
		{F5669172-7996-4525-82DF-D1EA104C79EB} = {F5669172-7996-4525-82DF-D1EA104C79EB}
		{66A8409E-243D-462B-A6D0-DE782B6FABA7} = {66A8409E-243D-462B-A6D0-DE782B6FABA7}
		{F1FD06B9-DF2F-4336-83F4-6A1C6372AADF} = {F1FD06B9-DF2F-4336-83F4-6A1C6372AADF}
	EndProjectSection
EndProject
Project("{FAE04EC0-301F-11D3-BF4B-00C04F79EFBC}") = "TF2.Info", "TF2\TF2.Info\TF2.Info.csproj", "{F5669172-7996-4525-82DF-D1EA104C79EB}"
EndProject
Project("{FAE04EC0-301F-11D3-BF4B-00C04F79EFBC}") = "TF2.ItemSchema", "TF2\TF2.ItemSchema\TF2.ItemSchema.csproj", "{BB0EEF20-A25E-499A-B360-0C80E0F651A4}"
EndProject
Project("{FAE04EC0-301F-11D3-BF4B-00C04F79EFBC}") = "TF2.Population", "TF2\TF2.Population\TF2.Population.csproj", "{293A2D00-73BE-4E78-896D-A99620BF02EE}"
EndProject
Project("{FAE04EC0-301F-11D3-BF4B-00C04F79EFBC}") = "Valve.KeyValue", "Valve\Valve.KeyValue\Valve.KeyValue.csproj", "{66A8409E-243D-462B-A6D0-DE782B6FABA7}"
EndProject
Project("{FAE04EC0-301F-11D3-BF4B-00C04F79EFBC}") = "Valve.VTF", "Valve\Valve.VTF\Valve.VTF.csproj", "{F1FD06B9-DF2F-4336-83F4-6A1C6372AADF}"
EndProject
Project("{FAE04EC0-301F-11D3-BF4B-00C04F79EFBC}") = "Cobalt.Extension", "Cobalt.Extension\Cobalt.Extension.csproj", "{B77DAF19-498A-4C14-AF6D-978736C30170}"
EndProject
Global
	GlobalSection(SolutionConfigurationPlatforms) = preSolution
		Debug|Any CPU = Debug|Any CPU
		Debug|ARM = Debug|ARM
		Debug|x64 = Debug|x64
		Debug|x86 = Debug|x86
		Release|Any CPU = Release|Any CPU
		Release|ARM = Release|ARM
		Release|x64 = Release|x64
		Release|x86 = Release|x86
	EndGlobalSection
	GlobalSection(ProjectConfigurationPlatforms) = postSolution
		{93963650-2CED-46AC-9296-F31F3D497AD5}.Debug|Any CPU.ActiveCfg = Debug|Any CPU
		{93963650-2CED-46AC-9296-F31F3D497AD5}.Debug|Any CPU.Build.0 = Debug|Any CPU
		{93963650-2CED-46AC-9296-F31F3D497AD5}.Debug|ARM.ActiveCfg = Debug|Any CPU
		{93963650-2CED-46AC-9296-F31F3D497AD5}.Debug|ARM.Build.0 = Debug|Any CPU
		{93963650-2CED-46AC-9296-F31F3D497AD5}.Debug|x64.ActiveCfg = Debug|Any CPU
		{93963650-2CED-46AC-9296-F31F3D497AD5}.Debug|x64.Build.0 = Debug|Any CPU
		{93963650-2CED-46AC-9296-F31F3D497AD5}.Debug|x86.ActiveCfg = Debug|Any CPU
		{93963650-2CED-46AC-9296-F31F3D497AD5}.Debug|x86.Build.0 = Debug|Any CPU
		{93963650-2CED-46AC-9296-F31F3D497AD5}.Release|Any CPU.ActiveCfg = Release|Any CPU
		{93963650-2CED-46AC-9296-F31F3D497AD5}.Release|Any CPU.Build.0 = Release|Any CPU
		{93963650-2CED-46AC-9296-F31F3D497AD5}.Release|ARM.ActiveCfg = Release|Any CPU
		{93963650-2CED-46AC-9296-F31F3D497AD5}.Release|ARM.Build.0 = Release|Any CPU
		{93963650-2CED-46AC-9296-F31F3D497AD5}.Release|x64.ActiveCfg = Release|Any CPU
		{93963650-2CED-46AC-9296-F31F3D497AD5}.Release|x64.Build.0 = Release|Any CPU
		{93963650-2CED-46AC-9296-F31F3D497AD5}.Release|x86.ActiveCfg = Release|Any CPU
		{93963650-2CED-46AC-9296-F31F3D497AD5}.Release|x86.Build.0 = Release|Any CPU
		{F5669172-7996-4525-82DF-D1EA104C79EB}.Debug|Any CPU.ActiveCfg = Debug|Any CPU
		{F5669172-7996-4525-82DF-D1EA104C79EB}.Debug|Any CPU.Build.0 = Debug|Any CPU
		{F5669172-7996-4525-82DF-D1EA104C79EB}.Debug|ARM.ActiveCfg = Debug|Any CPU
		{F5669172-7996-4525-82DF-D1EA104C79EB}.Debug|ARM.Build.0 = Debug|Any CPU
		{F5669172-7996-4525-82DF-D1EA104C79EB}.Debug|x64.ActiveCfg = Debug|Any CPU
		{F5669172-7996-4525-82DF-D1EA104C79EB}.Debug|x64.Build.0 = Debug|Any CPU
		{F5669172-7996-4525-82DF-D1EA104C79EB}.Debug|x86.ActiveCfg = Debug|Any CPU
		{F5669172-7996-4525-82DF-D1EA104C79EB}.Debug|x86.Build.0 = Debug|Any CPU
		{F5669172-7996-4525-82DF-D1EA104C79EB}.Release|Any CPU.ActiveCfg = Release|Any CPU
		{F5669172-7996-4525-82DF-D1EA104C79EB}.Release|Any CPU.Build.0 = Release|Any CPU
		{F5669172-7996-4525-82DF-D1EA104C79EB}.Release|ARM.ActiveCfg = Release|Any CPU
		{F5669172-7996-4525-82DF-D1EA104C79EB}.Release|ARM.Build.0 = Release|Any CPU
		{F5669172-7996-4525-82DF-D1EA104C79EB}.Release|x64.ActiveCfg = Release|Any CPU
		{F5669172-7996-4525-82DF-D1EA104C79EB}.Release|x64.Build.0 = Release|Any CPU
		{F5669172-7996-4525-82DF-D1EA104C79EB}.Release|x86.ActiveCfg = Release|Any CPU
		{F5669172-7996-4525-82DF-D1EA104C79EB}.Release|x86.Build.0 = Release|Any CPU
		{BB0EEF20-A25E-499A-B360-0C80E0F651A4}.Debug|Any CPU.ActiveCfg = Debug|Any CPU
		{BB0EEF20-A25E-499A-B360-0C80E0F651A4}.Debug|Any CPU.Build.0 = Debug|Any CPU
		{BB0EEF20-A25E-499A-B360-0C80E0F651A4}.Debug|ARM.ActiveCfg = Debug|Any CPU
		{BB0EEF20-A25E-499A-B360-0C80E0F651A4}.Debug|ARM.Build.0 = Debug|Any CPU
		{BB0EEF20-A25E-499A-B360-0C80E0F651A4}.Debug|x64.ActiveCfg = Debug|Any CPU
		{BB0EEF20-A25E-499A-B360-0C80E0F651A4}.Debug|x64.Build.0 = Debug|Any CPU
		{BB0EEF20-A25E-499A-B360-0C80E0F651A4}.Debug|x86.ActiveCfg = Debug|Any CPU
		{BB0EEF20-A25E-499A-B360-0C80E0F651A4}.Debug|x86.Build.0 = Debug|Any CPU
		{BB0EEF20-A25E-499A-B360-0C80E0F651A4}.Release|Any CPU.ActiveCfg = Release|Any CPU
		{BB0EEF20-A25E-499A-B360-0C80E0F651A4}.Release|Any CPU.Build.0 = Release|Any CPU
		{BB0EEF20-A25E-499A-B360-0C80E0F651A4}.Release|ARM.ActiveCfg = Release|Any CPU
		{BB0EEF20-A25E-499A-B360-0C80E0F651A4}.Release|ARM.Build.0 = Release|Any CPU
		{BB0EEF20-A25E-499A-B360-0C80E0F651A4}.Release|x64.ActiveCfg = Release|Any CPU
		{BB0EEF20-A25E-499A-B360-0C80E0F651A4}.Release|x64.Build.0 = Release|Any CPU
		{BB0EEF20-A25E-499A-B360-0C80E0F651A4}.Release|x86.ActiveCfg = Release|Any CPU
		{BB0EEF20-A25E-499A-B360-0C80E0F651A4}.Release|x86.Build.0 = Release|Any CPU
		{293A2D00-73BE-4E78-896D-A99620BF02EE}.Debug|Any CPU.ActiveCfg = Debug|Any CPU
		{293A2D00-73BE-4E78-896D-A99620BF02EE}.Debug|Any CPU.Build.0 = Debug|Any CPU
		{293A2D00-73BE-4E78-896D-A99620BF02EE}.Debug|ARM.ActiveCfg = Debug|Any CPU
		{293A2D00-73BE-4E78-896D-A99620BF02EE}.Debug|ARM.Build.0 = Debug|Any CPU
		{293A2D00-73BE-4E78-896D-A99620BF02EE}.Debug|x64.ActiveCfg = Debug|Any CPU
		{293A2D00-73BE-4E78-896D-A99620BF02EE}.Debug|x64.Build.0 = Debug|Any CPU
		{293A2D00-73BE-4E78-896D-A99620BF02EE}.Debug|x86.ActiveCfg = Debug|Any CPU
		{293A2D00-73BE-4E78-896D-A99620BF02EE}.Debug|x86.Build.0 = Debug|Any CPU
		{293A2D00-73BE-4E78-896D-A99620BF02EE}.Release|Any CPU.ActiveCfg = Release|Any CPU
		{293A2D00-73BE-4E78-896D-A99620BF02EE}.Release|Any CPU.Build.0 = Release|Any CPU
		{293A2D00-73BE-4E78-896D-A99620BF02EE}.Release|ARM.ActiveCfg = Release|Any CPU
		{293A2D00-73BE-4E78-896D-A99620BF02EE}.Release|ARM.Build.0 = Release|Any CPU
		{293A2D00-73BE-4E78-896D-A99620BF02EE}.Release|x64.ActiveCfg = Release|Any CPU
		{293A2D00-73BE-4E78-896D-A99620BF02EE}.Release|x64.Build.0 = Release|Any CPU
		{293A2D00-73BE-4E78-896D-A99620BF02EE}.Release|x86.ActiveCfg = Release|Any CPU
		{293A2D00-73BE-4E78-896D-A99620BF02EE}.Release|x86.Build.0 = Release|Any CPU
		{66A8409E-243D-462B-A6D0-DE782B6FABA7}.Debug|Any CPU.ActiveCfg = Debug|Any CPU
		{66A8409E-243D-462B-A6D0-DE782B6FABA7}.Debug|Any CPU.Build.0 = Debug|Any CPU
		{66A8409E-243D-462B-A6D0-DE782B6FABA7}.Debug|ARM.ActiveCfg = Debug|Any CPU
		{66A8409E-243D-462B-A6D0-DE782B6FABA7}.Debug|ARM.Build.0 = Debug|Any CPU
		{66A8409E-243D-462B-A6D0-DE782B6FABA7}.Debug|x64.ActiveCfg = Debug|Any CPU
		{66A8409E-243D-462B-A6D0-DE782B6FABA7}.Debug|x64.Build.0 = Debug|Any CPU
		{66A8409E-243D-462B-A6D0-DE782B6FABA7}.Debug|x86.ActiveCfg = Debug|Any CPU
		{66A8409E-243D-462B-A6D0-DE782B6FABA7}.Debug|x86.Build.0 = Debug|Any CPU
		{66A8409E-243D-462B-A6D0-DE782B6FABA7}.Release|Any CPU.ActiveCfg = Release|Any CPU
		{66A8409E-243D-462B-A6D0-DE782B6FABA7}.Release|Any CPU.Build.0 = Release|Any CPU
		{66A8409E-243D-462B-A6D0-DE782B6FABA7}.Release|ARM.ActiveCfg = Release|Any CPU
		{66A8409E-243D-462B-A6D0-DE782B6FABA7}.Release|ARM.Build.0 = Release|Any CPU
		{66A8409E-243D-462B-A6D0-DE782B6FABA7}.Release|x64.ActiveCfg = Release|Any CPU
		{66A8409E-243D-462B-A6D0-DE782B6FABA7}.Release|x64.Build.0 = Release|Any CPU
		{66A8409E-243D-462B-A6D0-DE782B6FABA7}.Release|x86.ActiveCfg = Release|Any CPU
		{66A8409E-243D-462B-A6D0-DE782B6FABA7}.Release|x86.Build.0 = Release|Any CPU
		{F1FD06B9-DF2F-4336-83F4-6A1C6372AADF}.Debug|Any CPU.ActiveCfg = Debug|Any CPU
		{F1FD06B9-DF2F-4336-83F4-6A1C6372AADF}.Debug|Any CPU.Build.0 = Debug|Any CPU
		{F1FD06B9-DF2F-4336-83F4-6A1C6372AADF}.Debug|ARM.ActiveCfg = Debug|Any CPU
		{F1FD06B9-DF2F-4336-83F4-6A1C6372AADF}.Debug|ARM.Build.0 = Debug|Any CPU
		{F1FD06B9-DF2F-4336-83F4-6A1C6372AADF}.Debug|x64.ActiveCfg = Debug|Any CPU
		{F1FD06B9-DF2F-4336-83F4-6A1C6372AADF}.Debug|x64.Build.0 = Debug|Any CPU
		{F1FD06B9-DF2F-4336-83F4-6A1C6372AADF}.Debug|x86.ActiveCfg = Debug|Any CPU
		{F1FD06B9-DF2F-4336-83F4-6A1C6372AADF}.Debug|x86.Build.0 = Debug|Any CPU
		{F1FD06B9-DF2F-4336-83F4-6A1C6372AADF}.Release|Any CPU.ActiveCfg = Release|Any CPU
		{F1FD06B9-DF2F-4336-83F4-6A1C6372AADF}.Release|Any CPU.Build.0 = Release|Any CPU
		{F1FD06B9-DF2F-4336-83F4-6A1C6372AADF}.Release|ARM.ActiveCfg = Release|Any CPU
		{F1FD06B9-DF2F-4336-83F4-6A1C6372AADF}.Release|ARM.Build.0 = Release|Any CPU
		{F1FD06B9-DF2F-4336-83F4-6A1C6372AADF}.Release|x64.ActiveCfg = Release|Any CPU
		{F1FD06B9-DF2F-4336-83F4-6A1C6372AADF}.Release|x64.Build.0 = Release|Any CPU
		{F1FD06B9-DF2F-4336-83F4-6A1C6372AADF}.Release|x86.ActiveCfg = Release|Any CPU
		{F1FD06B9-DF2F-4336-83F4-6A1C6372AADF}.Release|x86.Build.0 = Release|Any CPU
		{B77DAF19-498A-4C14-AF6D-978736C30170}.Debug|Any CPU.ActiveCfg = Debug|Any CPU
		{B77DAF19-498A-4C14-AF6D-978736C30170}.Debug|Any CPU.Build.0 = Debug|Any CPU
		{B77DAF19-498A-4C14-AF6D-978736C30170}.Debug|ARM.ActiveCfg = Debug|Any CPU
		{B77DAF19-498A-4C14-AF6D-978736C30170}.Debug|ARM.Build.0 = Debug|Any CPU
		{B77DAF19-498A-4C14-AF6D-978736C30170}.Debug|x64.ActiveCfg = Debug|Any CPU
		{B77DAF19-498A-4C14-AF6D-978736C30170}.Debug|x64.Build.0 = Debug|Any CPU
		{B77DAF19-498A-4C14-AF6D-978736C30170}.Debug|x86.ActiveCfg = Debug|Any CPU
		{B77DAF19-498A-4C14-AF6D-978736C30170}.Debug|x86.Build.0 = Debug|Any CPU
		{B77DAF19-498A-4C14-AF6D-978736C30170}.Release|Any CPU.ActiveCfg = Release|Any CPU
		{B77DAF19-498A-4C14-AF6D-978736C30170}.Release|Any CPU.Build.0 = Release|Any CPU
		{B77DAF19-498A-4C14-AF6D-978736C30170}.Release|ARM.ActiveCfg = Release|Any CPU
		{B77DAF19-498A-4C14-AF6D-978736C30170}.Release|ARM.Build.0 = Release|Any CPU
		{B77DAF19-498A-4C14-AF6D-978736C30170}.Release|x64.ActiveCfg = Release|Any CPU
		{B77DAF19-498A-4C14-AF6D-978736C30170}.Release|x64.Build.0 = Release|Any CPU
		{B77DAF19-498A-4C14-AF6D-978736C30170}.Release|x86.ActiveCfg = Release|Any CPU
		{B77DAF19-498A-4C14-AF6D-978736C30170}.Release|x86.Build.0 = Release|Any CPU
	EndGlobalSection
	GlobalSection(SolutionProperties) = preSolution
		HideSolutionNode = FALSE
	EndGlobalSection
	GlobalSection(ExtensibilityGlobals) = postSolution
		SolutionGuid = {23E828B6-1C1B-4F1E-82E0-A76B146FE553}
	EndGlobalSection
EndGlobal
